// !$*UTF8*$!
{
	archiveVersion = 1;
	classes = {
	};
	objectVersion = 48;
	objects = {

/* Begin PBXBuildFile section */
		0A689C9B20B6D95900A66E2F /* CAEmitterLayerViewController.m in Sources */ = {isa = PBXBuildFile; fileRef = 0A689C9920B6D95900A66E2F /* CAEmitterLayerViewController.m */; };
		0A689C9C20B6D95900A66E2F /* CAEmitterLayerViewController.xib in Resources */ = {isa = PBXBuildFile; fileRef = 0A689C9A20B6D95900A66E2F /* CAEmitterLayerViewController.xib */; };
		0A689C9E20B6D9AD00A66E2F /* Spark.png in Resources */ = {isa = PBXBuildFile; fileRef = 0A689C9D20B6D9AD00A66E2F /* Spark.png */; };
		0A7B31B520B7AA20001076FA /* Ship.mp4 in Resources */ = {isa = PBXBuildFile; fileRef = 0A7B31B420B7AA20001076FA /* Ship.mp4 */; };
		0A7B31B920B7AA37001076FA /* AVPlayerLayerViewController.m in Sources */ = {isa = PBXBuildFile; fileRef = 0A7B31B720B7AA37001076FA /* AVPlayerLayerViewController.m */; };
		0A7B31BA20B7AA37001076FA /* AVPlayerLayerViewController.xib in Resources */ = {isa = PBXBuildFile; fileRef = 0A7B31B820B7AA37001076FA /* AVPlayerLayerViewController.xib */; };
		0A7B56F620B65276001EDB55 /* AppDelegate.m in Sources */ = {isa = PBXBuildFile; fileRef = 0A7B56F520B65276001EDB55 /* AppDelegate.m */; };
		0A7B56FC20B65276001EDB55 /* Main.storyboard in Resources */ = {isa = PBXBuildFile; fileRef = 0A7B56FA20B65276001EDB55 /* Main.storyboard */; };
		0A7B56FE20B65276001EDB55 /* Assets.xcassets in Resources */ = {isa = PBXBuildFile; fileRef = 0A7B56FD20B65276001EDB55 /* Assets.xcassets */; };
		0A7B570120B65276001EDB55 /* LaunchScreen.storyboard in Resources */ = {isa = PBXBuildFile; fileRef = 0A7B56FF20B65276001EDB55 /* LaunchScreen.storyboard */; };
		0A7B570420B65276001EDB55 /* main.m in Sources */ = {isa = PBXBuildFile; fileRef = 0A7B570320B65276001EDB55 /* main.m */; };
		0A7B570E20B65276001EDB55 /* LLYCoreAnimationDemoTests.m in Sources */ = {isa = PBXBuildFile; fileRef = 0A7B570D20B65276001EDB55 /* LLYCoreAnimationDemoTests.m */; };
		0A7B571920B65276001EDB55 /* LLYCoreAnimationDemoUITests.m in Sources */ = {isa = PBXBuildFile; fileRef = 0A7B571820B65276001EDB55 /* LLYCoreAnimationDemoUITests.m */; };
		0A7B572A20B655F5001EDB55 /* LLYViewController.m in Sources */ = {isa = PBXBuildFile; fileRef = 0A7B572820B655F5001EDB55 /* LLYViewController.m */; };
		0A7B572B20B655F5001EDB55 /* LLYViewController.xib in Resources */ = {isa = PBXBuildFile; fileRef = 0A7B572920B655F5001EDB55 /* LLYViewController.xib */; };
		0A7B572F20B65BB0001EDB55 /* CAReplicatorLayerViewController.m in Sources */ = {isa = PBXBuildFile; fileRef = 0A7B572D20B65BB0001EDB55 /* CAReplicatorLayerViewController.m */; };
		0A7B573020B65BB0001EDB55 /* CAReplicatorLayerViewController.xib in Resources */ = {isa = PBXBuildFile; fileRef = 0A7B572E20B65BB0001EDB55 /* CAReplicatorLayerViewController.xib */; };
		0A7B573320B65CD0001EDB55 /* wk.JPG in Resources */ = {isa = PBXBuildFile; fileRef = 0A7B573220B65CD0001EDB55 /* wk.JPG */; };
		0A7B573720B663CC001EDB55 /* CAGradientLayerViewController.m in Sources */ = {isa = PBXBuildFile; fileRef = 0A7B573520B663CC001EDB55 /* CAGradientLayerViewController.m */; };
		0A7B573820B663CC001EDB55 /* CAGradientLayerViewController.xib in Resources */ = {isa = PBXBuildFile; fileRef = 0A7B573620B663CC001EDB55 /* CAGradientLayerViewController.xib */; };
		0A7B573F20B666DF001EDB55 /* MaskLayerViewController.m in Sources */ = {isa = PBXBuildFile; fileRef = 0A7B573D20B666DF001EDB55 /* MaskLayerViewController.m */; };
		0A7B574020B666DF001EDB55 /* MaskLayerViewController.xib in Resources */ = {isa = PBXBuildFile; fileRef = 0A7B573E20B666DF001EDB55 /* MaskLayerViewController.xib */; };
		0A7B574420B66F57001EDB55 /* CAShapeLayerViewController.m in Sources */ = {isa = PBXBuildFile; fileRef = 0A7B574220B66F57001EDB55 /* CAShapeLayerViewController.m */; };
		0A7B574520B66F57001EDB55 /* CAShapeLayerViewController.xib in Resources */ = {isa = PBXBuildFile; fileRef = 0A7B574320B66F57001EDB55 /* CAShapeLayerViewController.xib */; };
		0A7B574920B69CC4001EDB55 /* CAScrollLayerViewController.m in Sources */ = {isa = PBXBuildFile; fileRef = 0A7B574720B69CC4001EDB55 /* CAScrollLayerViewController.m */; };
		0A7B574A20B69CC4001EDB55 /* CAScrollLayerViewController.xib in Resources */ = {isa = PBXBuildFile; fileRef = 0A7B574820B69CC4001EDB55 /* CAScrollLayerViewController.xib */; };
		0A7B578C20B6B00C001EDB55 /* Snowman_01_06.jpg in Resources */ = {isa = PBXBuildFile; fileRef = 0A7B574C20B6B00C001EDB55 /* Snowman_01_06.jpg */; };
		0A7B578D20B6B00C001EDB55 /* Snowman_03_03.jpg in Resources */ = {isa = PBXBuildFile; fileRef = 0A7B574D20B6B00C001EDB55 /* Snowman_03_03.jpg */; };
		0A7B578E20B6B00C001EDB55 /* Snowman_03_02.jpg in Resources */ = {isa = PBXBuildFile; fileRef = 0A7B574E20B6B00C001EDB55 /* Snowman_03_02.jpg */; };
		0A7B578F20B6B00C001EDB55 /* Snowman_01_07.jpg in Resources */ = {isa = PBXBuildFile; fileRef = 0A7B574F20B6B00C001EDB55 /* Snowman_01_07.jpg */; };
		0A7B579020B6B00C001EDB55 /* Snowman_01_05.jpg in Resources */ = {isa = PBXBuildFile; fileRef = 0A7B575020B6B00C001EDB55 /* Snowman_01_05.jpg */; };
		0A7B579120B6B00C001EDB55 /* Snowman_03_00.jpg in Resources */ = {isa = PBXBuildFile; fileRef = 0A7B575120B6B00C001EDB55 /* Snowman_03_00.jpg */; };
		0A7B579220B6B00C001EDB55 /* Snowman_03_01.jpg in Resources */ = {isa = PBXBuildFile; fileRef = 0A7B575220B6B00C001EDB55 /* Snowman_03_01.jpg */; };
		0A7B579320B6B00C001EDB55 /* Snowman_01_04.jpg in Resources */ = {isa = PBXBuildFile; fileRef = 0A7B575320B6B00C001EDB55 /* Snowman_01_04.jpg */; };
		0A7B579420B6B00C001EDB55 /* Snowman_01_00.jpg in Resources */ = {isa = PBXBuildFile; fileRef = 0A7B575420B6B00C001EDB55 /* Snowman_01_00.jpg */; };
		0A7B579520B6B00C001EDB55 /* Snowman_03_05.jpg in Resources */ = {isa = PBXBuildFile; fileRef = 0A7B575520B6B00C001EDB55 /* Snowman_03_05.jpg */; };
		0A7B579620B6B00C001EDB55 /* Snowman_03_04.jpg in Resources */ = {isa = PBXBuildFile; fileRef = 0A7B575620B6B00C001EDB55 /* Snowman_03_04.jpg */; };
		0A7B579720B6B00C001EDB55 /* Snowman_01_01.jpg in Resources */ = {isa = PBXBuildFile; fileRef = 0A7B575720B6B00C001EDB55 /* Snowman_01_01.jpg */; };
		0A7B579820B6B00C001EDB55 /* Snowman_01_03.jpg in Resources */ = {isa = PBXBuildFile; fileRef = 0A7B575820B6B00C001EDB55 /* Snowman_01_03.jpg */; };
		0A7B579920B6B00C001EDB55 /* Snowman_03_06.jpg in Resources */ = {isa = PBXBuildFile; fileRef = 0A7B575920B6B00C001EDB55 /* Snowman_03_06.jpg */; };
		0A7B579A20B6B00C001EDB55 /* Snowman_03_07.jpg in Resources */ = {isa = PBXBuildFile; fileRef = 0A7B575A20B6B00C001EDB55 /* Snowman_03_07.jpg */; };
		0A7B579B20B6B00C001EDB55 /* Snowman_01_02.jpg in Resources */ = {isa = PBXBuildFile; fileRef = 0A7B575B20B6B00C001EDB55 /* Snowman_01_02.jpg */; };
		0A7B579C20B6B00C001EDB55 /* Snowman_05_01.jpg in Resources */ = {isa = PBXBuildFile; fileRef = 0A7B575C20B6B00C001EDB55 /* Snowman_05_01.jpg */; };
		0A7B579D20B6B00C001EDB55 /* Snowman_07_04.jpg in Resources */ = {isa = PBXBuildFile; fileRef = 0A7B575D20B6B00C001EDB55 /* Snowman_07_04.jpg */; };
		0A7B579E20B6B00C001EDB55 /* Snowman_07_05.jpg in Resources */ = {isa = PBXBuildFile; fileRef = 0A7B575E20B6B00C001EDB55 /* Snowman_07_05.jpg */; };
		0A7B579F20B6B00C001EDB55 /* Snowman_05_00.jpg in Resources */ = {isa = PBXBuildFile; fileRef = 0A7B575F20B6B00C001EDB55 /* Snowman_05_00.jpg */; };
		0A7B57A020B6B00C001EDB55 /* Snowman_05_02.jpg in Resources */ = {isa = PBXBuildFile; fileRef = 0A7B576020B6B00C001EDB55 /* Snowman_05_02.jpg */; };
		0A7B57A120B6B00C001EDB55 /* Snowman_07_07.jpg in Resources */ = {isa = PBXBuildFile; fileRef = 0A7B576120B6B00C001EDB55 /* Snowman_07_07.jpg */; };
		0A7B57A220B6B00C001EDB55 /* Snowman_07_06.jpg in Resources */ = {isa = PBXBuildFile; fileRef = 0A7B576220B6B00C001EDB55 /* Snowman_07_06.jpg */; };
		0A7B57A320B6B00C001EDB55 /* Snowman_05_03.jpg in Resources */ = {isa = PBXBuildFile; fileRef = 0A7B576320B6B00C001EDB55 /* Snowman_05_03.jpg */; };
		0A7B57A420B6B00C001EDB55 /* Snowman_05_07.jpg in Resources */ = {isa = PBXBuildFile; fileRef = 0A7B576420B6B00C001EDB55 /* Snowman_05_07.jpg */; };
		0A7B57A520B6B00C001EDB55 /* Snowman_07_02.jpg in Resources */ = {isa = PBXBuildFile; fileRef = 0A7B576520B6B00C001EDB55 /* Snowman_07_02.jpg */; };
		0A7B57A620B6B00C001EDB55 /* Snowman_07_03.jpg in Resources */ = {isa = PBXBuildFile; fileRef = 0A7B576620B6B00C001EDB55 /* Snowman_07_03.jpg */; };
		0A7B57A720B6B00C001EDB55 /* Snowman_05_06.jpg in Resources */ = {isa = PBXBuildFile; fileRef = 0A7B576720B6B00C001EDB55 /* Snowman_05_06.jpg */; };
		0A7B57A820B6B00C001EDB55 /* Snowman_05_04.jpg in Resources */ = {isa = PBXBuildFile; fileRef = 0A7B576820B6B00C001EDB55 /* Snowman_05_04.jpg */; };
		0A7B57A920B6B00C001EDB55 /* Snowman_07_01.jpg in Resources */ = {isa = PBXBuildFile; fileRef = 0A7B576920B6B00C001EDB55 /* Snowman_07_01.jpg */; };
		0A7B57AA20B6B00C001EDB55 /* Snowman_07_00.jpg in Resources */ = {isa = PBXBuildFile; fileRef = 0A7B576A20B6B00C001EDB55 /* Snowman_07_00.jpg */; };
		0A7B57AB20B6B00C001EDB55 /* Snowman_05_05.jpg in Resources */ = {isa = PBXBuildFile; fileRef = 0A7B576B20B6B00C001EDB55 /* Snowman_05_05.jpg */; };
		0A7B57AC20B6B00C001EDB55 /* Snowman_02_01.jpg in Resources */ = {isa = PBXBuildFile; fileRef = 0A7B576C20B6B00C001EDB55 /* Snowman_02_01.jpg */; };
		0A7B57AD20B6B00C001EDB55 /* Snowman_00_04.jpg in Resources */ = {isa = PBXBuildFile; fileRef = 0A7B576D20B6B00C001EDB55 /* Snowman_00_04.jpg */; };
		0A7B57AE20B6B00C001EDB55 /* Snowman_00_05.jpg in Resources */ = {isa = PBXBuildFile; fileRef = 0A7B576E20B6B00C001EDB55 /* Snowman_00_05.jpg */; };
		0A7B57AF20B6B00C001EDB55 /* Snowman_02_00.jpg in Resources */ = {isa = PBXBuildFile; fileRef = 0A7B576F20B6B00C001EDB55 /* Snowman_02_00.jpg */; };
		0A7B57B020B6B00C001EDB55 /* Snowman_02_02.jpg in Resources */ = {isa = PBXBuildFile; fileRef = 0A7B577020B6B00C001EDB55 /* Snowman_02_02.jpg */; };
		0A7B57B120B6B00C001EDB55 /* Snowman_00_07.jpg in Resources */ = {isa = PBXBuildFile; fileRef = 0A7B577120B6B00C001EDB55 /* Snowman_00_07.jpg */; };
		0A7B57B220B6B00C001EDB55 /* Snowman_00_06.jpg in Resources */ = {isa = PBXBuildFile; fileRef = 0A7B577220B6B00C001EDB55 /* Snowman_00_06.jpg */; };
		0A7B57B320B6B00C001EDB55 /* Snowman_02_03.jpg in Resources */ = {isa = PBXBuildFile; fileRef = 0A7B577320B6B00C001EDB55 /* Snowman_02_03.jpg */; };
		0A7B57B420B6B00C001EDB55 /* Snowman_02_07.jpg in Resources */ = {isa = PBXBuildFile; fileRef = 0A7B577420B6B00C001EDB55 /* Snowman_02_07.jpg */; };
		0A7B57B520B6B00C001EDB55 /* Snowman_00_02.jpg in Resources */ = {isa = PBXBuildFile; fileRef = 0A7B577520B6B00C001EDB55 /* Snowman_00_02.jpg */; };
		0A7B57B620B6B00C001EDB55 /* Snowman_00_03.jpg in Resources */ = {isa = PBXBuildFile; fileRef = 0A7B577620B6B00C001EDB55 /* Snowman_00_03.jpg */; };
		0A7B57B720B6B00C001EDB55 /* Snowman_02_06.jpg in Resources */ = {isa = PBXBuildFile; fileRef = 0A7B577720B6B00C001EDB55 /* Snowman_02_06.jpg */; };
		0A7B57B820B6B00C001EDB55 /* Snowman_02_04.jpg in Resources */ = {isa = PBXBuildFile; fileRef = 0A7B577820B6B00C001EDB55 /* Snowman_02_04.jpg */; };
		0A7B57B920B6B00C001EDB55 /* Snowman_00_01.jpg in Resources */ = {isa = PBXBuildFile; fileRef = 0A7B577920B6B00C001EDB55 /* Snowman_00_01.jpg */; };
		0A7B57BA20B6B00C001EDB55 /* Snowman_00_00.jpg in Resources */ = {isa = PBXBuildFile; fileRef = 0A7B577A20B6B00C001EDB55 /* Snowman_00_00.jpg */; };
		0A7B57BB20B6B00C001EDB55 /* Snowman_02_05.jpg in Resources */ = {isa = PBXBuildFile; fileRef = 0A7B577B20B6B00C001EDB55 /* Snowman_02_05.jpg */; };
		0A7B57BC20B6B00C001EDB55 /* Snowman_06_06.jpg in Resources */ = {isa = PBXBuildFile; fileRef = 0A7B577C20B6B00C001EDB55 /* Snowman_06_06.jpg */; };
		0A7B57BD20B6B00C001EDB55 /* Snowman_04_03.jpg in Resources */ = {isa = PBXBuildFile; fileRef = 0A7B577D20B6B00C001EDB55 /* Snowman_04_03.jpg */; };
		0A7B57BE20B6B00C001EDB55 /* Snowman_04_02.jpg in Resources */ = {isa = PBXBuildFile; fileRef = 0A7B577E20B6B00C001EDB55 /* Snowman_04_02.jpg */; };
		0A7B57BF20B6B00C001EDB55 /* Snowman_06_07.jpg in Resources */ = {isa = PBXBuildFile; fileRef = 0A7B577F20B6B00C001EDB55 /* Snowman_06_07.jpg */; };
		0A7B57C020B6B00C001EDB55 /* Snowman_06_05.jpg in Resources */ = {isa = PBXBuildFile; fileRef = 0A7B578020B6B00C001EDB55 /* Snowman_06_05.jpg */; };
		0A7B57C120B6B00C001EDB55 /* Snowman_04_00.jpg in Resources */ = {isa = PBXBuildFile; fileRef = 0A7B578120B6B00C001EDB55 /* Snowman_04_00.jpg */; };
		0A7B57C220B6B00C001EDB55 /* Snowman_04_01.jpg in Resources */ = {isa = PBXBuildFile; fileRef = 0A7B578220B6B00C001EDB55 /* Snowman_04_01.jpg */; };
		0A7B57C320B6B00C001EDB55 /* Snowman_06_04.jpg in Resources */ = {isa = PBXBuildFile; fileRef = 0A7B578320B6B00C001EDB55 /* Snowman_06_04.jpg */; };
		0A7B57C420B6B00C001EDB55 /* Snowman_06_00.jpg in Resources */ = {isa = PBXBuildFile; fileRef = 0A7B578420B6B00C001EDB55 /* Snowman_06_00.jpg */; };
		0A7B57C520B6B00C001EDB55 /* Snowman_04_05.jpg in Resources */ = {isa = PBXBuildFile; fileRef = 0A7B578520B6B00C001EDB55 /* Snowman_04_05.jpg */; };
		0A7B57C620B6B00C001EDB55 /* Snowman_04_04.jpg in Resources */ = {isa = PBXBuildFile; fileRef = 0A7B578620B6B00C001EDB55 /* Snowman_04_04.jpg */; };
		0A7B57C720B6B00C001EDB55 /* Snowman_06_01.jpg in Resources */ = {isa = PBXBuildFile; fileRef = 0A7B578720B6B00C001EDB55 /* Snowman_06_01.jpg */; };
		0A7B57C820B6B00C001EDB55 /* Snowman_06_03.jpg in Resources */ = {isa = PBXBuildFile; fileRef = 0A7B578820B6B00C001EDB55 /* Snowman_06_03.jpg */; };
		0A7B57C920B6B00C001EDB55 /* Snowman_04_06.jpg in Resources */ = {isa = PBXBuildFile; fileRef = 0A7B578920B6B00C001EDB55 /* Snowman_04_06.jpg */; };
		0A7B57CA20B6B00C001EDB55 /* Snowman_04_07.jpg in Resources */ = {isa = PBXBuildFile; fileRef = 0A7B578A20B6B00C001EDB55 /* Snowman_04_07.jpg */; };
		0A7B57CB20B6B00C001EDB55 /* Snowman_06_02.jpg in Resources */ = {isa = PBXBuildFile; fileRef = 0A7B578B20B6B00C001EDB55 /* Snowman_06_02.jpg */; };
		0A7B57CF20B6B27A001EDB55 /* CATiledLayerViewController.m in Sources */ = {isa = PBXBuildFile; fileRef = 0A7B57CD20B6B27A001EDB55 /* CATiledLayerViewController.m */; };
		0A7B57D020B6B27A001EDB55 /* CATiledLayerViewController.xib in Resources */ = {isa = PBXBuildFile; fileRef = 0A7B57CE20B6B27A001EDB55 /* CATiledLayerViewController.xib */; };
		0A7B57D320B6B4AE001EDB55 /* QuartzCore.framework in Frameworks */ = {isa = PBXBuildFile; fileRef = 0A7B57D220B6B4AE001EDB55 /* QuartzCore.framework */; };
/* End PBXBuildFile section */

/* Begin PBXContainerItemProxy section */
		0A7B570A20B65276001EDB55 /* PBXContainerItemProxy */ = {
			isa = PBXContainerItemProxy;
			containerPortal = 0A7B56E920B65276001EDB55 /* Project object */;
			proxyType = 1;
			remoteGlobalIDString = 0A7B56F020B65276001EDB55;
			remoteInfo = LLYCoreAnimationDemo;
		};
		0A7B571520B65276001EDB55 /* PBXContainerItemProxy */ = {
			isa = PBXContainerItemProxy;
			containerPortal = 0A7B56E920B65276001EDB55 /* Project object */;
			proxyType = 1;
			remoteGlobalIDString = 0A7B56F020B65276001EDB55;
			remoteInfo = LLYCoreAnimationDemo;
		};
/* End PBXContainerItemProxy section */

/* Begin PBXFileReference section */
		0A689C9820B6D95900A66E2F /* CAEmitterLayerViewController.h */ = {isa = PBXFileReference; lastKnownFileType = sourcecode.c.h; path = CAEmitterLayerViewController.h; sourceTree = "<group>"; };
		0A689C9920B6D95900A66E2F /* CAEmitterLayerViewController.m */ = {isa = PBXFileReference; lastKnownFileType = sourcecode.c.objc; path = CAEmitterLayerViewController.m; sourceTree = "<group>"; };
		0A689C9A20B6D95900A66E2F /* CAEmitterLayerViewController.xib */ = {isa = PBXFileReference; lastKnownFileType = file.xib; path = CAEmitterLayerViewController.xib; sourceTree = "<group>"; };
		0A689C9D20B6D9AD00A66E2F /* Spark.png */ = {isa = PBXFileReference; lastKnownFileType = image.png; path = Spark.png; sourceTree = "<group>"; };
		0A7B31B420B7AA20001076FA /* Ship.mp4 */ = {isa = PBXFileReference; lastKnownFileType = file; path = Ship.mp4; sourceTree = "<group>"; };
		0A7B31B620B7AA37001076FA /* AVPlayerLayerViewController.h */ = {isa = PBXFileReference; lastKnownFileType = sourcecode.c.h; path = AVPlayerLayerViewController.h; sourceTree = "<group>"; };
		0A7B31B720B7AA37001076FA /* AVPlayerLayerViewController.m */ = {isa = PBXFileReference; lastKnownFileType = sourcecode.c.objc; path = AVPlayerLayerViewController.m; sourceTree = "<group>"; };
		0A7B31B820B7AA37001076FA /* AVPlayerLayerViewController.xib */ = {isa = PBXFileReference; lastKnownFileType = file.xib; path = AVPlayerLayerViewController.xib; sourceTree = "<group>"; };
		0A7B56F120B65276001EDB55 /* LLYCoreAnimationDemo.app */ = {isa = PBXFileReference; explicitFileType = wrapper.application; includeInIndex = 0; path = LLYCoreAnimationDemo.app; sourceTree = BUILT_PRODUCTS_DIR; };
		0A7B56F420B65276001EDB55 /* AppDelegate.h */ = {isa = PBXFileReference; lastKnownFileType = sourcecode.c.h; path = AppDelegate.h; sourceTree = "<group>"; };
		0A7B56F520B65276001EDB55 /* AppDelegate.m */ = {isa = PBXFileReference; lastKnownFileType = sourcecode.c.objc; path = AppDelegate.m; sourceTree = "<group>"; };
		0A7B56FB20B65276001EDB55 /* Base */ = {isa = PBXFileReference; lastKnownFileType = file.storyboard; name = Base; path = Base.lproj/Main.storyboard; sourceTree = "<group>"; };
		0A7B56FD20B65276001EDB55 /* Assets.xcassets */ = {isa = PBXFileReference; lastKnownFileType = folder.assetcatalog; path = Assets.xcassets; sourceTree = "<group>"; };
		0A7B570020B65276001EDB55 /* Base */ = {isa = PBXFileReference; lastKnownFileType = file.storyboard; name = Base; path = Base.lproj/LaunchScreen.storyboard; sourceTree = "<group>"; };
		0A7B570220B65276001EDB55 /* Info.plist */ = {isa = PBXFileReference; lastKnownFileType = text.plist.xml; path = Info.plist; sourceTree = "<group>"; };
		0A7B570320B65276001EDB55 /* main.m */ = {isa = PBXFileReference; lastKnownFileType = sourcecode.c.objc; path = main.m; sourceTree = "<group>"; };
		0A7B570920B65276001EDB55 /* LLYCoreAnimationDemoTests.xctest */ = {isa = PBXFileReference; explicitFileType = wrapper.cfbundle; includeInIndex = 0; path = LLYCoreAnimationDemoTests.xctest; sourceTree = BUILT_PRODUCTS_DIR; };
		0A7B570D20B65276001EDB55 /* LLYCoreAnimationDemoTests.m */ = {isa = PBXFileReference; lastKnownFileType = sourcecode.c.objc; path = LLYCoreAnimationDemoTests.m; sourceTree = "<group>"; };
		0A7B570F20B65276001EDB55 /* Info.plist */ = {isa = PBXFileReference; lastKnownFileType = text.plist.xml; path = Info.plist; sourceTree = "<group>"; };
		0A7B571420B65276001EDB55 /* LLYCoreAnimationDemoUITests.xctest */ = {isa = PBXFileReference; explicitFileType = wrapper.cfbundle; includeInIndex = 0; path = LLYCoreAnimationDemoUITests.xctest; sourceTree = BUILT_PRODUCTS_DIR; };
		0A7B571820B65276001EDB55 /* LLYCoreAnimationDemoUITests.m */ = {isa = PBXFileReference; lastKnownFileType = sourcecode.c.objc; path = LLYCoreAnimationDemoUITests.m; sourceTree = "<group>"; };
		0A7B571A20B65276001EDB55 /* Info.plist */ = {isa = PBXFileReference; lastKnownFileType = text.plist.xml; path = Info.plist; sourceTree = "<group>"; };
		0A7B572720B655F5001EDB55 /* LLYViewController.h */ = {isa = PBXFileReference; lastKnownFileType = sourcecode.c.h; path = LLYViewController.h; sourceTree = "<group>"; };
		0A7B572820B655F5001EDB55 /* LLYViewController.m */ = {isa = PBXFileReference; lastKnownFileType = sourcecode.c.objc; path = LLYViewController.m; sourceTree = "<group>"; };
		0A7B572920B655F5001EDB55 /* LLYViewController.xib */ = {isa = PBXFileReference; lastKnownFileType = file.xib; path = LLYViewController.xib; sourceTree = "<group>"; };
		0A7B572C20B65BB0001EDB55 /* CAReplicatorLayerViewController.h */ = {isa = PBXFileReference; lastKnownFileType = sourcecode.c.h; path = CAReplicatorLayerViewController.h; sourceTree = "<group>"; };
		0A7B572D20B65BB0001EDB55 /* CAReplicatorLayerViewController.m */ = {isa = PBXFileReference; lastKnownFileType = sourcecode.c.objc; path = CAReplicatorLayerViewController.m; sourceTree = "<group>"; };
		0A7B572E20B65BB0001EDB55 /* CAReplicatorLayerViewController.xib */ = {isa = PBXFileReference; lastKnownFileType = file.xib; path = CAReplicatorLayerViewController.xib; sourceTree = "<group>"; };
		0A7B573220B65CD0001EDB55 /* wk.JPG */ = {isa = PBXFileReference; lastKnownFileType = image.jpeg; path = wk.JPG; sourceTree = "<group>"; };
		0A7B573420B663CC001EDB55 /* CAGradientLayerViewController.h */ = {isa = PBXFileReference; lastKnownFileType = sourcecode.c.h; path = CAGradientLayerViewController.h; sourceTree = "<group>"; };
		0A7B573520B663CC001EDB55 /* CAGradientLayerViewController.m */ = {isa = PBXFileReference; lastKnownFileType = sourcecode.c.objc; path = CAGradientLayerViewController.m; sourceTree = "<group>"; };
		0A7B573620B663CC001EDB55 /* CAGradientLayerViewController.xib */ = {isa = PBXFileReference; lastKnownFileType = file.xib; path = CAGradientLayerViewController.xib; sourceTree = "<group>"; };
		0A7B573C20B666DF001EDB55 /* MaskLayerViewController.h */ = {isa = PBXFileReference; lastKnownFileType = sourcecode.c.h; path = MaskLayerViewController.h; sourceTree = "<group>"; };
		0A7B573D20B666DF001EDB55 /* MaskLayerViewController.m */ = {isa = PBXFileReference; lastKnownFileType = sourcecode.c.objc; path = MaskLayerViewController.m; sourceTree = "<group>"; };
		0A7B573E20B666DF001EDB55 /* MaskLayerViewController.xib */ = {isa = PBXFileReference; lastKnownFileType = file.xib; path = MaskLayerViewController.xib; sourceTree = "<group>"; };
		0A7B574120B66F57001EDB55 /* CAShapeLayerViewController.h */ = {isa = PBXFileReference; lastKnownFileType = sourcecode.c.h; path = CAShapeLayerViewController.h; sourceTree = "<group>"; };
		0A7B574220B66F57001EDB55 /* CAShapeLayerViewController.m */ = {isa = PBXFileReference; lastKnownFileType = sourcecode.c.objc; path = CAShapeLayerViewController.m; sourceTree = "<group>"; };
		0A7B574320B66F57001EDB55 /* CAShapeLayerViewController.xib */ = {isa = PBXFileReference; lastKnownFileType = file.xib; path = CAShapeLayerViewController.xib; sourceTree = "<group>"; };
		0A7B574620B69CC4001EDB55 /* CAScrollLayerViewController.h */ = {isa = PBXFileReference; lastKnownFileType = sourcecode.c.h; path = CAScrollLayerViewController.h; sourceTree = "<group>"; };
		0A7B574720B69CC4001EDB55 /* CAScrollLayerViewController.m */ = {isa = PBXFileReference; lastKnownFileType = sourcecode.c.objc; path = CAScrollLayerViewController.m; sourceTree = "<group>"; };
		0A7B574820B69CC4001EDB55 /* CAScrollLayerViewController.xib */ = {isa = PBXFileReference; lastKnownFileType = file.xib; path = CAScrollLayerViewController.xib; sourceTree = "<group>"; };
		0A7B574C20B6B00C001EDB55 /* Snowman_01_06.jpg */ = {isa = PBXFileReference; lastKnownFileType = image.jpeg; path = Snowman_01_06.jpg; sourceTree = "<group>"; };
		0A7B574D20B6B00C001EDB55 /* Snowman_03_03.jpg */ = {isa = PBXFileReference; lastKnownFileType = image.jpeg; path = Snowman_03_03.jpg; sourceTree = "<group>"; };
		0A7B574E20B6B00C001EDB55 /* Snowman_03_02.jpg */ = {isa = PBXFileReference; lastKnownFileType = image.jpeg; path = Snowman_03_02.jpg; sourceTree = "<group>"; };
		0A7B574F20B6B00C001EDB55 /* Snowman_01_07.jpg */ = {isa = PBXFileReference; lastKnownFileType = image.jpeg; path = Snowman_01_07.jpg; sourceTree = "<group>"; };
		0A7B575020B6B00C001EDB55 /* Snowman_01_05.jpg */ = {isa = PBXFileReference; lastKnownFileType = image.jpeg; path = Snowman_01_05.jpg; sourceTree = "<group>"; };
		0A7B575120B6B00C001EDB55 /* Snowman_03_00.jpg */ = {isa = PBXFileReference; lastKnownFileType = image.jpeg; path = Snowman_03_00.jpg; sourceTree = "<group>"; };
		0A7B575220B6B00C001EDB55 /* Snowman_03_01.jpg */ = {isa = PBXFileReference; lastKnownFileType = image.jpeg; path = Snowman_03_01.jpg; sourceTree = "<group>"; };
		0A7B575320B6B00C001EDB55 /* Snowman_01_04.jpg */ = {isa = PBXFileReference; lastKnownFileType = image.jpeg; path = Snowman_01_04.jpg; sourceTree = "<group>"; };
		0A7B575420B6B00C001EDB55 /* Snowman_01_00.jpg */ = {isa = PBXFileReference; lastKnownFileType = image.jpeg; path = Snowman_01_00.jpg; sourceTree = "<group>"; };
		0A7B575520B6B00C001EDB55 /* Snowman_03_05.jpg */ = {isa = PBXFileReference; lastKnownFileType = image.jpeg; path = Snowman_03_05.jpg; sourceTree = "<group>"; };
		0A7B575620B6B00C001EDB55 /* Snowman_03_04.jpg */ = {isa = PBXFileReference; lastKnownFileType = image.jpeg; path = Snowman_03_04.jpg; sourceTree = "<group>"; };
		0A7B575720B6B00C001EDB55 /* Snowman_01_01.jpg */ = {isa = PBXFileReference; lastKnownFileType = image.jpeg; path = Snowman_01_01.jpg; sourceTree = "<group>"; };
		0A7B575820B6B00C001EDB55 /* Snowman_01_03.jpg */ = {isa = PBXFileReference; lastKnownFileType = image.jpeg; path = Snowman_01_03.jpg; sourceTree = "<group>"; };
		0A7B575920B6B00C001EDB55 /* Snowman_03_06.jpg */ = {isa = PBXFileReference; lastKnownFileType = image.jpeg; path = Snowman_03_06.jpg; sourceTree = "<group>"; };
		0A7B575A20B6B00C001EDB55 /* Snowman_03_07.jpg */ = {isa = PBXFileReference; lastKnownFileType = image.jpeg; path = Snowman_03_07.jpg; sourceTree = "<group>"; };
		0A7B575B20B6B00C001EDB55 /* Snowman_01_02.jpg */ = {isa = PBXFileReference; lastKnownFileType = image.jpeg; path = Snowman_01_02.jpg; sourceTree = "<group>"; };
		0A7B575C20B6B00C001EDB55 /* Snowman_05_01.jpg */ = {isa = PBXFileReference; lastKnownFileType = image.jpeg; path = Snowman_05_01.jpg; sourceTree = "<group>"; };
		0A7B575D20B6B00C001EDB55 /* Snowman_07_04.jpg */ = {isa = PBXFileReference; lastKnownFileType = image.jpeg; path = Snowman_07_04.jpg; sourceTree = "<group>"; };
		0A7B575E20B6B00C001EDB55 /* Snowman_07_05.jpg */ = {isa = PBXFileReference; lastKnownFileType = image.jpeg; path = Snowman_07_05.jpg; sourceTree = "<group>"; };
		0A7B575F20B6B00C001EDB55 /* Snowman_05_00.jpg */ = {isa = PBXFileReference; lastKnownFileType = image.jpeg; path = Snowman_05_00.jpg; sourceTree = "<group>"; };
		0A7B576020B6B00C001EDB55 /* Snowman_05_02.jpg */ = {isa = PBXFileReference; lastKnownFileType = image.jpeg; path = Snowman_05_02.jpg; sourceTree = "<group>"; };
		0A7B576120B6B00C001EDB55 /* Snowman_07_07.jpg */ = {isa = PBXFileReference; lastKnownFileType = image.jpeg; path = Snowman_07_07.jpg; sourceTree = "<group>"; };
		0A7B576220B6B00C001EDB55 /* Snowman_07_06.jpg */ = {isa = PBXFileReference; lastKnownFileType = image.jpeg; path = Snowman_07_06.jpg; sourceTree = "<group>"; };
		0A7B576320B6B00C001EDB55 /* Snowman_05_03.jpg */ = {isa = PBXFileReference; lastKnownFileType = image.jpeg; path = Snowman_05_03.jpg; sourceTree = "<group>"; };
		0A7B576420B6B00C001EDB55 /* Snowman_05_07.jpg */ = {isa = PBXFileReference; lastKnownFileType = image.jpeg; path = Snowman_05_07.jpg; sourceTree = "<group>"; };
		0A7B576520B6B00C001EDB55 /* Snowman_07_02.jpg */ = {isa = PBXFileReference; lastKnownFileType = image.jpeg; path = Snowman_07_02.jpg; sourceTree = "<group>"; };
		0A7B576620B6B00C001EDB55 /* Snowman_07_03.jpg */ = {isa = PBXFileReference; lastKnownFileType = image.jpeg; path = Snowman_07_03.jpg; sourceTree = "<group>"; };
		0A7B576720B6B00C001EDB55 /* Snowman_05_06.jpg */ = {isa = PBXFileReference; lastKnownFileType = image.jpeg; path = Snowman_05_06.jpg; sourceTree = "<group>"; };
		0A7B576820B6B00C001EDB55 /* Snowman_05_04.jpg */ = {isa = PBXFileReference; lastKnownFileType = image.jpeg; path = Snowman_05_04.jpg; sourceTree = "<group>"; };
		0A7B576920B6B00C001EDB55 /* Snowman_07_01.jpg */ = {isa = PBXFileReference; lastKnownFileType = image.jpeg; path = Snowman_07_01.jpg; sourceTree = "<group>"; };
		0A7B576A20B6B00C001EDB55 /* Snowman_07_00.jpg */ = {isa = PBXFileReference; lastKnownFileType = image.jpeg; path = Snowman_07_00.jpg; sourceTree = "<group>"; };
		0A7B576B20B6B00C001EDB55 /* Snowman_05_05.jpg */ = {isa = PBXFileReference; lastKnownFileType = image.jpeg; path = Snowman_05_05.jpg; sourceTree = "<group>"; };
		0A7B576C20B6B00C001EDB55 /* Snowman_02_01.jpg */ = {isa = PBXFileReference; lastKnownFileType = image.jpeg; path = Snowman_02_01.jpg; sourceTree = "<group>"; };
		0A7B576D20B6B00C001EDB55 /* Snowman_00_04.jpg */ = {isa = PBXFileReference; lastKnownFileType = image.jpeg; path = Snowman_00_04.jpg; sourceTree = "<group>"; };
		0A7B576E20B6B00C001EDB55 /* Snowman_00_05.jpg */ = {isa = PBXFileReference; lastKnownFileType = image.jpeg; path = Snowman_00_05.jpg; sourceTree = "<group>"; };
		0A7B576F20B6B00C001EDB55 /* Snowman_02_00.jpg */ = {isa = PBXFileReference; lastKnownFileType = image.jpeg; path = Snowman_02_00.jpg; sourceTree = "<group>"; };
		0A7B577020B6B00C001EDB55 /* Snowman_02_02.jpg */ = {isa = PBXFileReference; lastKnownFileType = image.jpeg; path = Snowman_02_02.jpg; sourceTree = "<group>"; };
		0A7B577120B6B00C001EDB55 /* Snowman_00_07.jpg */ = {isa = PBXFileReference; lastKnownFileType = image.jpeg; path = Snowman_00_07.jpg; sourceTree = "<group>"; };
		0A7B577220B6B00C001EDB55 /* Snowman_00_06.jpg */ = {isa = PBXFileReference; lastKnownFileType = image.jpeg; path = Snowman_00_06.jpg; sourceTree = "<group>"; };
		0A7B577320B6B00C001EDB55 /* Snowman_02_03.jpg */ = {isa = PBXFileReference; lastKnownFileType = image.jpeg; path = Snowman_02_03.jpg; sourceTree = "<group>"; };
		0A7B577420B6B00C001EDB55 /* Snowman_02_07.jpg */ = {isa = PBXFileReference; lastKnownFileType = image.jpeg; path = Snowman_02_07.jpg; sourceTree = "<group>"; };
		0A7B577520B6B00C001EDB55 /* Snowman_00_02.jpg */ = {isa = PBXFileReference; lastKnownFileType = image.jpeg; path = Snowman_00_02.jpg; sourceTree = "<group>"; };
		0A7B577620B6B00C001EDB55 /* Snowman_00_03.jpg */ = {isa = PBXFileReference; lastKnownFileType = image.jpeg; path = Snowman_00_03.jpg; sourceTree = "<group>"; };
		0A7B577720B6B00C001EDB55 /* Snowman_02_06.jpg */ = {isa = PBXFileReference; lastKnownFileType = image.jpeg; path = Snowman_02_06.jpg; sourceTree = "<group>"; };
		0A7B577820B6B00C001EDB55 /* Snowman_02_04.jpg */ = {isa = PBXFileReference; lastKnownFileType = image.jpeg; path = Snowman_02_04.jpg; sourceTree = "<group>"; };
		0A7B577920B6B00C001EDB55 /* Snowman_00_01.jpg */ = {isa = PBXFileReference; lastKnownFileType = image.jpeg; path = Snowman_00_01.jpg; sourceTree = "<group>"; };
		0A7B577A20B6B00C001EDB55 /* Snowman_00_00.jpg */ = {isa = PBXFileReference; lastKnownFileType = image.jpeg; path = Snowman_00_00.jpg; sourceTree = "<group>"; };
		0A7B577B20B6B00C001EDB55 /* Snowman_02_05.jpg */ = {isa = PBXFileReference; lastKnownFileType = image.jpeg; path = Snowman_02_05.jpg; sourceTree = "<group>"; };
		0A7B577C20B6B00C001EDB55 /* Snowman_06_06.jpg */ = {isa = PBXFileReference; lastKnownFileType = image.jpeg; path = Snowman_06_06.jpg; sourceTree = "<group>"; };
		0A7B577D20B6B00C001EDB55 /* Snowman_04_03.jpg */ = {isa = PBXFileReference; lastKnownFileType = image.jpeg; path = Snowman_04_03.jpg; sourceTree = "<group>"; };
		0A7B577E20B6B00C001EDB55 /* Snowman_04_02.jpg */ = {isa = PBXFileReference; lastKnownFileType = image.jpeg; path = Snowman_04_02.jpg; sourceTree = "<group>"; };
		0A7B577F20B6B00C001EDB55 /* Snowman_06_07.jpg */ = {isa = PBXFileReference; lastKnownFileType = image.jpeg; path = Snowman_06_07.jpg; sourceTree = "<group>"; };
		0A7B578020B6B00C001EDB55 /* Snowman_06_05.jpg */ = {isa = PBXFileReference; lastKnownFileType = image.jpeg; path = Snowman_06_05.jpg; sourceTree = "<group>"; };
		0A7B578120B6B00C001EDB55 /* Snowman_04_00.jpg */ = {isa = PBXFileReference; lastKnownFileType = image.jpeg; path = Snowman_04_00.jpg; sourceTree = "<group>"; };
		0A7B578220B6B00C001EDB55 /* Snowman_04_01.jpg */ = {isa = PBXFileReference; lastKnownFileType = image.jpeg; path = Snowman_04_01.jpg; sourceTree = "<group>"; };
		0A7B578320B6B00C001EDB55 /* Snowman_06_04.jpg */ = {isa = PBXFileReference; lastKnownFileType = image.jpeg; path = Snowman_06_04.jpg; sourceTree = "<group>"; };
		0A7B578420B6B00C001EDB55 /* Snowman_06_00.jpg */ = {isa = PBXFileReference; lastKnownFileType = image.jpeg; path = Snowman_06_00.jpg; sourceTree = "<group>"; };
		0A7B578520B6B00C001EDB55 /* Snowman_04_05.jpg */ = {isa = PBXFileReference; lastKnownFileType = image.jpeg; path = Snowman_04_05.jpg; sourceTree = "<group>"; };
		0A7B578620B6B00C001EDB55 /* Snowman_04_04.jpg */ = {isa = PBXFileReference; lastKnownFileType = image.jpeg; path = Snowman_04_04.jpg; sourceTree = "<group>"; };
		0A7B578720B6B00C001EDB55 /* Snowman_06_01.jpg */ = {isa = PBXFileReference; lastKnownFileType = image.jpeg; path = Snowman_06_01.jpg; sourceTree = "<group>"; };
		0A7B578820B6B00C001EDB55 /* Snowman_06_03.jpg */ = {isa = PBXFileReference; lastKnownFileType = image.jpeg; path = Snowman_06_03.jpg; sourceTree = "<group>"; };
		0A7B578920B6B00C001EDB55 /* Snowman_04_06.jpg */ = {isa = PBXFileReference; lastKnownFileType = image.jpeg; path = Snowman_04_06.jpg; sourceTree = "<group>"; };
		0A7B578A20B6B00C001EDB55 /* Snowman_04_07.jpg */ = {isa = PBXFileReference; lastKnownFileType = image.jpeg; path = Snowman_04_07.jpg; sourceTree = "<group>"; };
		0A7B578B20B6B00C001EDB55 /* Snowman_06_02.jpg */ = {isa = PBXFileReference; lastKnownFileType = image.jpeg; path = Snowman_06_02.jpg; sourceTree = "<group>"; };
		0A7B57CC20B6B27A001EDB55 /* CATiledLayerViewController.h */ = {isa = PBXFileReference; lastKnownFileType = sourcecode.c.h; path = CATiledLayerViewController.h; sourceTree = "<group>"; };
		0A7B57CD20B6B27A001EDB55 /* CATiledLayerViewController.m */ = {isa = PBXFileReference; lastKnownFileType = sourcecode.c.objc; path = CATiledLayerViewController.m; sourceTree = "<group>"; };
		0A7B57CE20B6B27A001EDB55 /* CATiledLayerViewController.xib */ = {isa = PBXFileReference; lastKnownFileType = file.xib; path = CATiledLayerViewController.xib; sourceTree = "<group>"; };
		0A7B57D220B6B4AE001EDB55 /* QuartzCore.framework */ = {isa = PBXFileReference; lastKnownFileType = wrapper.framework; name = QuartzCore.framework; path = System/Library/Frameworks/QuartzCore.framework; sourceTree = SDKROOT; };
/* End PBXFileReference section */

/* Begin PBXFrameworksBuildPhase section */
		0A7B56EE20B65276001EDB55 /* Frameworks */ = {
			isa = PBXFrameworksBuildPhase;
			buildActionMask = 2147483647;
			files = (
				0A7B57D320B6B4AE001EDB55 /* QuartzCore.framework in Frameworks */,
			);
			runOnlyForDeploymentPostprocessing = 0;
		};
		0A7B570620B65276001EDB55 /* Frameworks */ = {
			isa = PBXFrameworksBuildPhase;
			buildActionMask = 2147483647;
			files = (
			);
			runOnlyForDeploymentPostprocessing = 0;
		};
		0A7B571120B65276001EDB55 /* Frameworks */ = {
			isa = PBXFrameworksBuildPhase;
			buildActionMask = 2147483647;
			files = (
			);
			runOnlyForDeploymentPostprocessing = 0;
		};
/* End PBXFrameworksBuildPhase section */

/* Begin PBXGroup section */
		0A7B56E820B65276001EDB55 = {
			isa = PBXGroup;
			children = (
				0A7B56F320B65276001EDB55 /* LLYCoreAnimationDemo */,
				0A7B570C20B65276001EDB55 /* LLYCoreAnimationDemoTests */,
				0A7B571720B65276001EDB55 /* LLYCoreAnimationDemoUITests */,
				0A7B56F220B65276001EDB55 /* Products */,
				0A7B57D120B6B4AE001EDB55 /* Frameworks */,
			);
			sourceTree = "<group>";
		};
		0A7B56F220B65276001EDB55 /* Products */ = {
			isa = PBXGroup;
			children = (
				0A7B56F120B65276001EDB55 /* LLYCoreAnimationDemo.app */,
				0A7B570920B65276001EDB55 /* LLYCoreAnimationDemoTests.xctest */,
				0A7B571420B65276001EDB55 /* LLYCoreAnimationDemoUITests.xctest */,
			);
			name = Products;
			sourceTree = "<group>";
		};
		0A7B56F320B65276001EDB55 /* LLYCoreAnimationDemo */ = {
			isa = PBXGroup;
			children = (
				0A7B573120B65CD0001EDB55 /* Source */,
				0A7B572620B652B3001EDB55 /* Modules */,
				0A7B56F420B65276001EDB55 /* AppDelegate.h */,
				0A7B56F520B65276001EDB55 /* AppDelegate.m */,
				0A7B572720B655F5001EDB55 /* LLYViewController.h */,
				0A7B572820B655F5001EDB55 /* LLYViewController.m */,
				0A7B572920B655F5001EDB55 /* LLYViewController.xib */,
				0A7B56FA20B65276001EDB55 /* Main.storyboard */,
				0A7B56FD20B65276001EDB55 /* Assets.xcassets */,
				0A7B56FF20B65276001EDB55 /* LaunchScreen.storyboard */,
				0A7B570220B65276001EDB55 /* Info.plist */,
				0A7B570320B65276001EDB55 /* main.m */,
			);
			path = LLYCoreAnimationDemo;
			sourceTree = "<group>";
		};
		0A7B570C20B65276001EDB55 /* LLYCoreAnimationDemoTests */ = {
			isa = PBXGroup;
			children = (
				0A7B570D20B65276001EDB55 /* LLYCoreAnimationDemoTests.m */,
				0A7B570F20B65276001EDB55 /* Info.plist */,
			);
			path = LLYCoreAnimationDemoTests;
			sourceTree = "<group>";
		};
		0A7B571720B65276001EDB55 /* LLYCoreAnimationDemoUITests */ = {
			isa = PBXGroup;
			children = (
				0A7B571820B65276001EDB55 /* LLYCoreAnimationDemoUITests.m */,
				0A7B571A20B65276001EDB55 /* Info.plist */,
			);
			path = LLYCoreAnimationDemoUITests;
			sourceTree = "<group>";
		};
		0A7B572620B652B3001EDB55 /* Modules */ = {
			isa = PBXGroup;
			children = (
				0A7B572C20B65BB0001EDB55 /* CAReplicatorLayerViewController.h */,
				0A7B572D20B65BB0001EDB55 /* CAReplicatorLayerViewController.m */,
				0A7B572E20B65BB0001EDB55 /* CAReplicatorLayerViewController.xib */,
				0A7B573420B663CC001EDB55 /* CAGradientLayerViewController.h */,
				0A7B573520B663CC001EDB55 /* CAGradientLayerViewController.m */,
				0A7B573620B663CC001EDB55 /* CAGradientLayerViewController.xib */,
				0A7B573C20B666DF001EDB55 /* MaskLayerViewController.h */,
				0A7B573D20B666DF001EDB55 /* MaskLayerViewController.m */,
				0A7B573E20B666DF001EDB55 /* MaskLayerViewController.xib */,
				0A7B574120B66F57001EDB55 /* CAShapeLayerViewController.h */,
				0A7B574220B66F57001EDB55 /* CAShapeLayerViewController.m */,
				0A7B574320B66F57001EDB55 /* CAShapeLayerViewController.xib */,
				0A7B574620B69CC4001EDB55 /* CAScrollLayerViewController.h */,
				0A7B574720B69CC4001EDB55 /* CAScrollLayerViewController.m */,
				0A7B574820B69CC4001EDB55 /* CAScrollLayerViewController.xib */,
				0A7B57CC20B6B27A001EDB55 /* CATiledLayerViewController.h */,
				0A7B57CD20B6B27A001EDB55 /* CATiledLayerViewController.m */,
				0A7B57CE20B6B27A001EDB55 /* CATiledLayerViewController.xib */,
				0A689C9820B6D95900A66E2F /* CAEmitterLayerViewController.h */,
				0A689C9920B6D95900A66E2F /* CAEmitterLayerViewController.m */,
				0A689C9A20B6D95900A66E2F /* CAEmitterLayerViewController.xib */,
				0A7B31B620B7AA37001076FA /* AVPlayerLayerViewController.h */,
				0A7B31B720B7AA37001076FA /* AVPlayerLayerViewController.m */,
				0A7B31B820B7AA37001076FA /* AVPlayerLayerViewController.xib */,
			);
			path = Modules;
			sourceTree = "<group>";
		};
		0A7B573120B65CD0001EDB55 /* Source */ = {
			isa = PBXGroup;
			children = (
				0A7B31B420B7AA20001076FA /* Ship.mp4 */,
				0A689C9D20B6D9AD00A66E2F /* Spark.png */,
				0A7B574B20B6B00C001EDB55 /* Images */,
				0A7B573220B65CD0001EDB55 /* wk.JPG */,
			);
			path = Source;
			sourceTree = "<group>";
		};
		0A7B574B20B6B00C001EDB55 /* Images */ = {
			isa = PBXGroup;
			children = (
				0A7B574C20B6B00C001EDB55 /* Snowman_01_06.jpg */,
				0A7B574D20B6B00C001EDB55 /* Snowman_03_03.jpg */,
				0A7B574E20B6B00C001EDB55 /* Snowman_03_02.jpg */,
				0A7B574F20B6B00C001EDB55 /* Snowman_01_07.jpg */,
				0A7B575020B6B00C001EDB55 /* Snowman_01_05.jpg */,
				0A7B575120B6B00C001EDB55 /* Snowman_03_00.jpg */,
				0A7B575220B6B00C001EDB55 /* Snowman_03_01.jpg */,
				0A7B575320B6B00C001EDB55 /* Snowman_01_04.jpg */,
				0A7B575420B6B00C001EDB55 /* Snowman_01_00.jpg */,
				0A7B575520B6B00C001EDB55 /* Snowman_03_05.jpg */,
				0A7B575620B6B00C001EDB55 /* Snowman_03_04.jpg */,
				0A7B575720B6B00C001EDB55 /* Snowman_01_01.jpg */,
				0A7B575820B6B00C001EDB55 /* Snowman_01_03.jpg */,
				0A7B575920B6B00C001EDB55 /* Snowman_03_06.jpg */,
				0A7B575A20B6B00C001EDB55 /* Snowman_03_07.jpg */,
				0A7B575B20B6B00C001EDB55 /* Snowman_01_02.jpg */,
				0A7B575C20B6B00C001EDB55 /* Snowman_05_01.jpg */,
				0A7B575D20B6B00C001EDB55 /* Snowman_07_04.jpg */,
				0A7B575E20B6B00C001EDB55 /* Snowman_07_05.jpg */,
				0A7B575F20B6B00C001EDB55 /* Snowman_05_00.jpg */,
				0A7B576020B6B00C001EDB55 /* Snowman_05_02.jpg */,
				0A7B576120B6B00C001EDB55 /* Snowman_07_07.jpg */,
				0A7B576220B6B00C001EDB55 /* Snowman_07_06.jpg */,
				0A7B576320B6B00C001EDB55 /* Snowman_05_03.jpg */,
				0A7B576420B6B00C001EDB55 /* Snowman_05_07.jpg */,
				0A7B576520B6B00C001EDB55 /* Snowman_07_02.jpg */,
				0A7B576620B6B00C001EDB55 /* Snowman_07_03.jpg */,
				0A7B576720B6B00C001EDB55 /* Snowman_05_06.jpg */,
				0A7B576820B6B00C001EDB55 /* Snowman_05_04.jpg */,
				0A7B576920B6B00C001EDB55 /* Snowman_07_01.jpg */,
				0A7B576A20B6B00C001EDB55 /* Snowman_07_00.jpg */,
				0A7B576B20B6B00C001EDB55 /* Snowman_05_05.jpg */,
				0A7B576C20B6B00C001EDB55 /* Snowman_02_01.jpg */,
				0A7B576D20B6B00C001EDB55 /* Snowman_00_04.jpg */,
				0A7B576E20B6B00C001EDB55 /* Snowman_00_05.jpg */,
				0A7B576F20B6B00C001EDB55 /* Snowman_02_00.jpg */,
				0A7B577020B6B00C001EDB55 /* Snowman_02_02.jpg */,
				0A7B577120B6B00C001EDB55 /* Snowman_00_07.jpg */,
				0A7B577220B6B00C001EDB55 /* Snowman_00_06.jpg */,
				0A7B577320B6B00C001EDB55 /* Snowman_02_03.jpg */,
				0A7B577420B6B00C001EDB55 /* Snowman_02_07.jpg */,
				0A7B577520B6B00C001EDB55 /* Snowman_00_02.jpg */,
				0A7B577620B6B00C001EDB55 /* Snowman_00_03.jpg */,
				0A7B577720B6B00C001EDB55 /* Snowman_02_06.jpg */,
				0A7B577820B6B00C001EDB55 /* Snowman_02_04.jpg */,
				0A7B577920B6B00C001EDB55 /* Snowman_00_01.jpg */,
				0A7B577A20B6B00C001EDB55 /* Snowman_00_00.jpg */,
				0A7B577B20B6B00C001EDB55 /* Snowman_02_05.jpg */,
				0A7B577C20B6B00C001EDB55 /* Snowman_06_06.jpg */,
				0A7B577D20B6B00C001EDB55 /* Snowman_04_03.jpg */,
				0A7B577E20B6B00C001EDB55 /* Snowman_04_02.jpg */,
				0A7B577F20B6B00C001EDB55 /* Snowman_06_07.jpg */,
				0A7B578020B6B00C001EDB55 /* Snowman_06_05.jpg */,
				0A7B578120B6B00C001EDB55 /* Snowman_04_00.jpg */,
				0A7B578220B6B00C001EDB55 /* Snowman_04_01.jpg */,
				0A7B578320B6B00C001EDB55 /* Snowman_06_04.jpg */,
				0A7B578420B6B00C001EDB55 /* Snowman_06_00.jpg */,
				0A7B578520B6B00C001EDB55 /* Snowman_04_05.jpg */,
				0A7B578620B6B00C001EDB55 /* Snowman_04_04.jpg */,
				0A7B578720B6B00C001EDB55 /* Snowman_06_01.jpg */,
				0A7B578820B6B00C001EDB55 /* Snowman_06_03.jpg */,
				0A7B578920B6B00C001EDB55 /* Snowman_04_06.jpg */,
				0A7B578A20B6B00C001EDB55 /* Snowman_04_07.jpg */,
				0A7B578B20B6B00C001EDB55 /* Snowman_06_02.jpg */,
			);
			path = Images;
			sourceTree = "<group>";
		};
		0A7B57D120B6B4AE001EDB55 /* Frameworks */ = {
			isa = PBXGroup;
			children = (
				0A7B57D220B6B4AE001EDB55 /* QuartzCore.framework */,
			);
			name = Frameworks;
			sourceTree = "<group>";
		};
/* End PBXGroup section */

/* Begin PBXNativeTarget section */
		0A7B56F020B65276001EDB55 /* LLYCoreAnimationDemo */ = {
			isa = PBXNativeTarget;
			buildConfigurationList = 0A7B571D20B65276001EDB55 /* Build configuration list for PBXNativeTarget "LLYCoreAnimationDemo" */;
			buildPhases = (
				0A7B56ED20B65276001EDB55 /* Sources */,
				0A7B56EE20B65276001EDB55 /* Frameworks */,
				0A7B56EF20B65276001EDB55 /* Resources */,
			);
			buildRules = (
			);
			dependencies = (
			);
			name = LLYCoreAnimationDemo;
			productName = LLYCoreAnimationDemo;
			productReference = 0A7B56F120B65276001EDB55 /* LLYCoreAnimationDemo.app */;
			productType = "com.apple.product-type.application";
		};
		0A7B570820B65276001EDB55 /* LLYCoreAnimationDemoTests */ = {
			isa = PBXNativeTarget;
			buildConfigurationList = 0A7B572020B65276001EDB55 /* Build configuration list for PBXNativeTarget "LLYCoreAnimationDemoTests" */;
			buildPhases = (
				0A7B570520B65276001EDB55 /* Sources */,
				0A7B570620B65276001EDB55 /* Frameworks */,
				0A7B570720B65276001EDB55 /* Resources */,
			);
			buildRules = (
			);
			dependencies = (
				0A7B570B20B65276001EDB55 /* PBXTargetDependency */,
			);
			name = LLYCoreAnimationDemoTests;
			productName = LLYCoreAnimationDemoTests;
			productReference = 0A7B570920B65276001EDB55 /* LLYCoreAnimationDemoTests.xctest */;
			productType = "com.apple.product-type.bundle.unit-test";
		};
		0A7B571320B65276001EDB55 /* LLYCoreAnimationDemoUITests */ = {
			isa = PBXNativeTarget;
			buildConfigurationList = 0A7B572320B65276001EDB55 /* Build configuration list for PBXNativeTarget "LLYCoreAnimationDemoUITests" */;
			buildPhases = (
				0A7B571020B65276001EDB55 /* Sources */,
				0A7B571120B65276001EDB55 /* Frameworks */,
				0A7B571220B65276001EDB55 /* Resources */,
			);
			buildRules = (
			);
			dependencies = (
				0A7B571620B65276001EDB55 /* PBXTargetDependency */,
			);
			name = LLYCoreAnimationDemoUITests;
			productName = LLYCoreAnimationDemoUITests;
			productReference = 0A7B571420B65276001EDB55 /* LLYCoreAnimationDemoUITests.xctest */;
			productType = "com.apple.product-type.bundle.ui-testing";
		};
/* End PBXNativeTarget section */

/* Begin PBXProject section */
		0A7B56E920B65276001EDB55 /* Project object */ = {
			isa = PBXProject;
			attributes = {
				LastUpgradeCheck = 0920;
				ORGANIZATIONNAME = lly;
				TargetAttributes = {
					0A7B56F020B65276001EDB55 = {
						CreatedOnToolsVersion = 9.2;
						ProvisioningStyle = Automatic;
					};
					0A7B570820B65276001EDB55 = {
						CreatedOnToolsVersion = 9.2;
						ProvisioningStyle = Automatic;
						TestTargetID = 0A7B56F020B65276001EDB55;
					};
					0A7B571320B65276001EDB55 = {
						CreatedOnToolsVersion = 9.2;
						ProvisioningStyle = Automatic;
						TestTargetID = 0A7B56F020B65276001EDB55;
					};
				};
			};
			buildConfigurationList = 0A7B56EC20B65276001EDB55 /* Build configuration list for PBXProject "LLYCoreAnimationDemo" */;
			compatibilityVersion = "Xcode 8.0";
			developmentRegion = en;
			hasScannedForEncodings = 0;
			knownRegions = (
				en,
				Base,
			);
			mainGroup = 0A7B56E820B65276001EDB55;
			productRefGroup = 0A7B56F220B65276001EDB55 /* Products */;
			projectDirPath = "";
			projectRoot = "";
			targets = (
				0A7B56F020B65276001EDB55 /* LLYCoreAnimationDemo */,
				0A7B570820B65276001EDB55 /* LLYCoreAnimationDemoTests */,
				0A7B571320B65276001EDB55 /* LLYCoreAnimationDemoUITests */,
			);
		};
/* End PBXProject section */

/* Begin PBXResourcesBuildPhase section */
		0A7B56EF20B65276001EDB55 /* Resources */ = {
			isa = PBXResourcesBuildPhase;
			buildActionMask = 2147483647;
			files = (
				0A7B57A220B6B00C001EDB55 /* Snowman_07_06.jpg in Resources */,
				0A7B570120B65276001EDB55 /* LaunchScreen.storyboard in Resources */,
				0A7B57C420B6B00C001EDB55 /* Snowman_06_00.jpg in Resources */,
				0A7B57A620B6B00C001EDB55 /* Snowman_07_03.jpg in Resources */,
				0A7B57B520B6B00C001EDB55 /* Snowman_00_02.jpg in Resources */,
				0A7B57BB20B6B00C001EDB55 /* Snowman_02_05.jpg in Resources */,
				0A689C9C20B6D95900A66E2F /* CAEmitterLayerViewController.xib in Resources */,
				0A7B579520B6B00C001EDB55 /* Snowman_03_05.jpg in Resources */,
				0A7B579A20B6B00C001EDB55 /* Snowman_03_07.jpg in Resources */,
				0A7B57B820B6B00C001EDB55 /* Snowman_02_04.jpg in Resources */,
				0A7B57CA20B6B00C001EDB55 /* Snowman_04_07.jpg in Resources */,
				0A7B579920B6B00C001EDB55 /* Snowman_03_06.jpg in Resources */,
				0A7B578F20B6B00C001EDB55 /* Snowman_01_07.jpg in Resources */,
				0A689C9E20B6D9AD00A66E2F /* Spark.png in Resources */,
				0A7B57A520B6B00C001EDB55 /* Snowman_07_02.jpg in Resources */,
				0A7B57B920B6B00C001EDB55 /* Snowman_00_01.jpg in Resources */,
				0A7B57BD20B6B00C001EDB55 /* Snowman_04_03.jpg in Resources */,
				0A7B57CB20B6B00C001EDB55 /* Snowman_06_02.jpg in Resources */,
				0A7B57BA20B6B00C001EDB55 /* Snowman_00_00.jpg in Resources */,
				0A7B57B120B6B00C001EDB55 /* Snowman_00_07.jpg in Resources */,
				0A7B578C20B6B00C001EDB55 /* Snowman_01_06.jpg in Resources */,
				0A7B574A20B69CC4001EDB55 /* CAScrollLayerViewController.xib in Resources */,
				0A7B579120B6B00C001EDB55 /* Snowman_03_00.jpg in Resources */,
				0A7B579B20B6B00C001EDB55 /* Snowman_01_02.jpg in Resources */,
				0A7B57B420B6B00C001EDB55 /* Snowman_02_07.jpg in Resources */,
				0A7B57B020B6B00C001EDB55 /* Snowman_02_02.jpg in Resources */,
				0A7B57A720B6B00C001EDB55 /* Snowman_05_06.jpg in Resources */,
				0A7B57AB20B6B00C001EDB55 /* Snowman_05_05.jpg in Resources */,
				0A7B573020B65BB0001EDB55 /* CAReplicatorLayerViewController.xib in Resources */,
				0A7B57D020B6B27A001EDB55 /* CATiledLayerViewController.xib in Resources */,
				0A7B57BC20B6B00C001EDB55 /* Snowman_06_06.jpg in Resources */,
				0A7B57C520B6B00C001EDB55 /* Snowman_04_05.jpg in Resources */,
				0A7B57C920B6B00C001EDB55 /* Snowman_04_06.jpg in Resources */,
				0A7B57C620B6B00C001EDB55 /* Snowman_04_04.jpg in Resources */,
				0A7B579F20B6B00C001EDB55 /* Snowman_05_00.jpg in Resources */,
				0A7B31BA20B7AA37001076FA /* AVPlayerLayerViewController.xib in Resources */,
				0A7B57B320B6B00C001EDB55 /* Snowman_02_03.jpg in Resources */,
				0A7B57C720B6B00C001EDB55 /* Snowman_06_01.jpg in Resources */,
				0A7B574520B66F57001EDB55 /* CAShapeLayerViewController.xib in Resources */,
				0A7B579620B6B00C001EDB55 /* Snowman_03_04.jpg in Resources */,
				0A7B57A920B6B00C001EDB55 /* Snowman_07_01.jpg in Resources */,
				0A7B579D20B6B00C001EDB55 /* Snowman_07_04.jpg in Resources */,
				0A7B57AE20B6B00C001EDB55 /* Snowman_00_05.jpg in Resources */,
				0A7B578E20B6B00C001EDB55 /* Snowman_03_02.jpg in Resources */,
				0A7B57B620B6B00C001EDB55 /* Snowman_00_03.jpg in Resources */,
				0A7B57AD20B6B00C001EDB55 /* Snowman_00_04.jpg in Resources */,
				0A7B57C020B6B00C001EDB55 /* Snowman_06_05.jpg in Resources */,
				0A7B57A120B6B00C001EDB55 /* Snowman_07_07.jpg in Resources */,
				0A7B57C120B6B00C001EDB55 /* Snowman_04_00.jpg in Resources */,
				0A7B579820B6B00C001EDB55 /* Snowman_01_03.jpg in Resources */,
				0A7B57B720B6B00C001EDB55 /* Snowman_02_06.jpg in Resources */,
				0A7B57BF20B6B00C001EDB55 /* Snowman_06_07.jpg in Resources */,
				0A7B57C220B6B00C001EDB55 /* Snowman_04_01.jpg in Resources */,
				0A7B57AF20B6B00C001EDB55 /* Snowman_02_00.jpg in Resources */,
				0A7B31B520B7AA20001076FA /* Ship.mp4 in Resources */,
				0A7B579420B6B00C001EDB55 /* Snowman_01_00.jpg in Resources */,
				0A7B57BE20B6B00C001EDB55 /* Snowman_04_02.jpg in Resources */,
				0A7B573820B663CC001EDB55 /* CAGradientLayerViewController.xib in Resources */,
				0A7B579220B6B00C001EDB55 /* Snowman_03_01.jpg in Resources */,
				0A7B579720B6B00C001EDB55 /* Snowman_01_01.jpg in Resources */,
				0A7B57B220B6B00C001EDB55 /* Snowman_00_06.jpg in Resources */,
				0A7B56FE20B65276001EDB55 /* Assets.xcassets in Resources */,
				0A7B574020B666DF001EDB55 /* MaskLayerViewController.xib in Resources */,
				0A7B579320B6B00C001EDB55 /* Snowman_01_04.jpg in Resources */,
				0A7B57AC20B6B00C001EDB55 /* Snowman_02_01.jpg in Resources */,
				0A7B57C320B6B00C001EDB55 /* Snowman_06_04.jpg in Resources */,
				0A7B57AA20B6B00C001EDB55 /* Snowman_07_00.jpg in Resources */,
				0A7B572B20B655F5001EDB55 /* LLYViewController.xib in Resources */,
				0A7B57A420B6B00C001EDB55 /* Snowman_05_07.jpg in Resources */,
				0A7B579C20B6B00C001EDB55 /* Snowman_05_01.jpg in Resources */,
				0A7B57A820B6B00C001EDB55 /* Snowman_05_04.jpg in Resources */,
				0A7B57A320B6B00C001EDB55 /* Snowman_05_03.jpg in Resources */,
				0A7B56FC20B65276001EDB55 /* Main.storyboard in Resources */,
				0A7B57C820B6B00C001EDB55 /* Snowman_06_03.jpg in Resources */,
				0A7B579020B6B00C001EDB55 /* Snowman_01_05.jpg in Resources */,
				0A7B573320B65CD0001EDB55 /* wk.JPG in Resources */,
				0A7B578D20B6B00C001EDB55 /* Snowman_03_03.jpg in Resources */,
				0A7B57A020B6B00C001EDB55 /* Snowman_05_02.jpg in Resources */,
				0A7B579E20B6B00C001EDB55 /* Snowman_07_05.jpg in Resources */,
			);
			runOnlyForDeploymentPostprocessing = 0;
		};
		0A7B570720B65276001EDB55 /* Resources */ = {
			isa = PBXResourcesBuildPhase;
			buildActionMask = 2147483647;
			files = (
			);
			runOnlyForDeploymentPostprocessing = 0;
		};
		0A7B571220B65276001EDB55 /* Resources */ = {
			isa = PBXResourcesBuildPhase;
			buildActionMask = 2147483647;
			files = (
			);
			runOnlyForDeploymentPostprocessing = 0;
		};
/* End PBXResourcesBuildPhase section */

/* Begin PBXSourcesBuildPhase section */
		0A7B56ED20B65276001EDB55 /* Sources */ = {
			isa = PBXSourcesBuildPhase;
			buildActionMask = 2147483647;
			files = (
				0A7B570420B65276001EDB55 /* main.m in Sources */,
				0A7B31B920B7AA37001076FA /* AVPlayerLayerViewController.m in Sources */,
				0A7B574420B66F57001EDB55 /* CAShapeLayerViewController.m in Sources */,
				0A7B572A20B655F5001EDB55 /* LLYViewController.m in Sources */,
				0A7B57CF20B6B27A001EDB55 /* CATiledLayerViewController.m in Sources */,
				0A7B56F620B65276001EDB55 /* AppDelegate.m in Sources */,
				0A7B573720B663CC001EDB55 /* CAGradientLayerViewController.m in Sources */,
				0A7B573F20B666DF001EDB55 /* MaskLayerViewController.m in Sources */,
				0A689C9B20B6D95900A66E2F /* CAEmitterLayerViewController.m in Sources */,
				0A7B572F20B65BB0001EDB55 /* CAReplicatorLayerViewController.m in Sources */,
				0A7B574920B69CC4001EDB55 /* CAScrollLayerViewController.m in Sources */,
			);
			runOnlyForDeploymentPostprocessing = 0;
		};
		0A7B570520B65276001EDB55 /* Sources */ = {
			isa = PBXSourcesBuildPhase;
			buildActionMask = 2147483647;
			files = (
				0A7B570E20B65276001EDB55 /* LLYCoreAnimationDemoTests.m in Sources */,
			);
			runOnlyForDeploymentPostprocessing = 0;
		};
		0A7B571020B65276001EDB55 /* Sources */ = {
			isa = PBXSourcesBuildPhase;
			buildActionMask = 2147483647;
			files = (
				0A7B571920B65276001EDB55 /* LLYCoreAnimationDemoUITests.m in Sources */,
			);
			runOnlyForDeploymentPostprocessing = 0;
		};
/* End PBXSourcesBuildPhase section */

/* Begin PBXTargetDependency section */
		0A7B570B20B65276001EDB55 /* PBXTargetDependency */ = {
			isa = PBXTargetDependency;
			target = 0A7B56F020B65276001EDB55 /* LLYCoreAnimationDemo */;
			targetProxy = 0A7B570A20B65276001EDB55 /* PBXContainerItemProxy */;
		};
		0A7B571620B65276001EDB55 /* PBXTargetDependency */ = {
			isa = PBXTargetDependency;
			target = 0A7B56F020B65276001EDB55 /* LLYCoreAnimationDemo */;
			targetProxy = 0A7B571520B65276001EDB55 /* PBXContainerItemProxy */;
		};
/* End PBXTargetDependency section */

/* Begin PBXVariantGroup section */
		0A7B56FA20B65276001EDB55 /* Main.storyboard */ = {
			isa = PBXVariantGroup;
			children = (
				0A7B56FB20B65276001EDB55 /* Base */,
			);
			name = Main.storyboard;
			sourceTree = "<group>";
		};
		0A7B56FF20B65276001EDB55 /* LaunchScreen.storyboard */ = {
			isa = PBXVariantGroup;
			children = (
				0A7B570020B65276001EDB55 /* Base */,
			);
			name = LaunchScreen.storyboard;
			sourceTree = "<group>";
		};
/* End PBXVariantGroup section */

/* Begin XCBuildConfiguration section */
		0A7B571B20B65276001EDB55 /* Debug */ = {
			isa = XCBuildConfiguration;
			buildSettings = {
				ALWAYS_SEARCH_USER_PATHS = NO;
				CLANG_ANALYZER_NONNULL = YES;
				CLANG_ANALYZER_NUMBER_OBJECT_CONVERSION = YES_AGGRESSIVE;
				CLANG_CXX_LANGUAGE_STANDARD = "gnu++14";
				CLANG_CXX_LIBRARY = "libc++";
				CLANG_ENABLE_MODULES = YES;
				CLANG_ENABLE_OBJC_ARC = YES;
				CLANG_WARN_BLOCK_CAPTURE_AUTORELEASING = YES;
				CLANG_WARN_BOOL_CONVERSION = YES;
				CLANG_WARN_COMMA = YES;
				CLANG_WARN_CONSTANT_CONVERSION = YES;
				CLANG_WARN_DIRECT_OBJC_ISA_USAGE = YES_ERROR;
				CLANG_WARN_DOCUMENTATION_COMMENTS = YES;
				CLANG_WARN_EMPTY_BODY = YES;
				CLANG_WARN_ENUM_CONVERSION = YES;
				CLANG_WARN_INFINITE_RECURSION = YES;
				CLANG_WARN_INT_CONVERSION = YES;
				CLANG_WARN_NON_LITERAL_NULL_CONVERSION = YES;
				CLANG_WARN_OBJC_LITERAL_CONVERSION = YES;
				CLANG_WARN_OBJC_ROOT_CLASS = YES_ERROR;
				CLANG_WARN_RANGE_LOOP_ANALYSIS = YES;
				CLANG_WARN_STRICT_PROTOTYPES = YES;
				CLANG_WARN_SUSPICIOUS_MOVE = YES;
				CLANG_WARN_UNGUARDED_AVAILABILITY = YES_AGGRESSIVE;
				CLANG_WARN_UNREACHABLE_CODE = YES;
				CLANG_WARN__DUPLICATE_METHOD_MATCH = YES;
				CODE_SIGN_IDENTITY = "iPhone Developer";
				COPY_PHASE_STRIP = NO;
				DEBUG_INFORMATION_FORMAT = dwarf;
				ENABLE_STRICT_OBJC_MSGSEND = YES;
				ENABLE_TESTABILITY = YES;
				GCC_C_LANGUAGE_STANDARD = gnu11;
				GCC_DYNAMIC_NO_PIC = NO;
				GCC_NO_COMMON_BLOCKS = YES;
				GCC_OPTIMIZATION_LEVEL = 0;
				GCC_PREPROCESSOR_DEFINITIONS = (
					"DEBUG=1",
					"$(inherited)",
				);
				GCC_WARN_64_TO_32_BIT_CONVERSION = YES;
				GCC_WARN_ABOUT_RETURN_TYPE = YES_ERROR;
				GCC_WARN_UNDECLARED_SELECTOR = YES;
				GCC_WARN_UNINITIALIZED_AUTOS = YES_AGGRESSIVE;
				GCC_WARN_UNUSED_FUNCTION = YES;
				GCC_WARN_UNUSED_VARIABLE = YES;
				IPHONEOS_DEPLOYMENT_TARGET = 11.2;
				MTL_ENABLE_DEBUG_INFO = YES;
				ONLY_ACTIVE_ARCH = YES;
				SDKROOT = iphoneos;
			};
			name = Debug;
		};
		0A7B571C20B65276001EDB55 /* Release */ = {
			isa = XCBuildConfiguration;
			buildSettings = {
				ALWAYS_SEARCH_USER_PATHS = NO;
				CLANG_ANALYZER_NONNULL = YES;
				CLANG_ANALYZER_NUMBER_OBJECT_CONVERSION = YES_AGGRESSIVE;
				CLANG_CXX_LANGUAGE_STANDARD = "gnu++14";
				CLANG_CXX_LIBRARY = "libc++";
				CLANG_ENABLE_MODULES = YES;
				CLANG_ENABLE_OBJC_ARC = YES;
				CLANG_WARN_BLOCK_CAPTURE_AUTORELEASING = YES;
				CLANG_WARN_BOOL_CONVERSION = YES;
				CLANG_WARN_COMMA = YES;
				CLANG_WARN_CONSTANT_CONVERSION = YES;
				CLANG_WARN_DIRECT_OBJC_ISA_USAGE = YES_ERROR;
				CLANG_WARN_DOCUMENTATION_COMMENTS = YES;
				CLANG_WARN_EMPTY_BODY = YES;
				CLANG_WARN_ENUM_CONVERSION = YES;
				CLANG_WARN_INFINITE_RECURSION = YES;
				CLANG_WARN_INT_CONVERSION = YES;
				CLANG_WARN_NON_LITERAL_NULL_CONVERSION = YES;
				CLANG_WARN_OBJC_LITERAL_CONVERSION = YES;
				CLANG_WARN_OBJC_ROOT_CLASS = YES_ERROR;
				CLANG_WARN_RANGE_LOOP_ANALYSIS = YES;
				CLANG_WARN_STRICT_PROTOTYPES = YES;
				CLANG_WARN_SUSPICIOUS_MOVE = YES;
				CLANG_WARN_UNGUARDED_AVAILABILITY = YES_AGGRESSIVE;
				CLANG_WARN_UNREACHABLE_CODE = YES;
				CLANG_WARN__DUPLICATE_METHOD_MATCH = YES;
				CODE_SIGN_IDENTITY = "iPhone Developer";
				COPY_PHASE_STRIP = NO;
				DEBUG_INFORMATION_FORMAT = "dwarf-with-dsym";
				ENABLE_NS_ASSERTIONS = NO;
				ENABLE_STRICT_OBJC_MSGSEND = YES;
				GCC_C_LANGUAGE_STANDARD = gnu11;
				GCC_NO_COMMON_BLOCKS = YES;
				GCC_WARN_64_TO_32_BIT_CONVERSION = YES;
				GCC_WARN_ABOUT_RETURN_TYPE = YES_ERROR;
				GCC_WARN_UNDECLARED_SELECTOR = YES;
				GCC_WARN_UNINITIALIZED_AUTOS = YES_AGGRESSIVE;
				GCC_WARN_UNUSED_FUNCTION = YES;
				GCC_WARN_UNUSED_VARIABLE = YES;
				IPHONEOS_DEPLOYMENT_TARGET = 11.2;
				MTL_ENABLE_DEBUG_INFO = NO;
				SDKROOT = iphoneos;
				VALIDATE_PRODUCT = YES;
			};
			name = Release;
		};
		0A7B571E20B65276001EDB55 /* Debug */ = {
			isa = XCBuildConfiguration;
			buildSettings = {
				ASSETCATALOG_COMPILER_APPICON_NAME = AppIcon;
				CODE_SIGN_STYLE = Automatic;
				DEVELOPMENT_TEAM = PW2BL84NY9;
				INFOPLIST_FILE = LLYCoreAnimationDemo/Info.plist;
				LD_RUNPATH_SEARCH_PATHS = "$(inherited) @executable_path/Frameworks";
				PRODUCT_BUNDLE_IDENTIFIER = com.lly.LLYCoreAnimationDemo;
				PRODUCT_NAME = "$(TARGET_NAME)";
				TARGETED_DEVICE_FAMILY = "1,2";
			};
			name = Debug;
		};
		0A7B571F20B65276001EDB55 /* Release */ = {
			isa = XCBuildConfiguration;
			buildSettings = {
				ASSETCATALOG_COMPILER_APPICON_NAME = AppIcon;
				CODE_SIGN_STYLE = Automatic;
				DEVELOPMENT_TEAM = PW2BL84NY9;
				INFOPLIST_FILE = LLYCoreAnimationDemo/Info.plist;
				LD_RUNPATH_SEARCH_PATHS = "$(inherited) @executable_path/Frameworks";
				PRODUCT_BUNDLE_IDENTIFIER = com.lly.LLYCoreAnimationDemo;
				PRODUCT_NAME = "$(TARGET_NAME)";
				TARGETED_DEVICE_FAMILY = "1,2";
			};
			name = Release;
		};
		0A7B572120B65276001EDB55 /* Debug */ = {
			isa = XCBuildConfiguration;
			buildSettings = {
				BUNDLE_LOADER = "$(TEST_HOST)";
				CODE_SIGN_STYLE = Automatic;
				DEVELOPMENT_TEAM = PW2BL84NY9;
				INFOPLIST_FILE = LLYCoreAnimationDemoTests/Info.plist;
				LD_RUNPATH_SEARCH_PATHS = "$(inherited) @executable_path/Frameworks @loader_path/Frameworks";
				PRODUCT_BUNDLE_IDENTIFIER = com.lly.LLYCoreAnimationDemoTests;
				PRODUCT_NAME = "$(TARGET_NAME)";
				TARGETED_DEVICE_FAMILY = "1,2";
				TEST_HOST = "$(BUILT_PRODUCTS_DIR)/LLYCoreAnimationDemo.app/LLYCoreAnimationDemo";
			};
			name = Debug;
		};
		0A7B572220B65276001EDB55 /* Release */ = {
			isa = XCBuildConfiguration;
			buildSettings = {
				BUNDLE_LOADER = "$(TEST_HOST)";
				CODE_SIGN_STYLE = Automatic;
				DEVELOPMENT_TEAM = PW2BL84NY9;
				INFOPLIST_FILE = LLYCoreAnimationDemoTests/Info.plist;
				LD_RUNPATH_SEARCH_PATHS = "$(inherited) @executable_path/Frameworks @loader_path/Frameworks";
				PRODUCT_BUNDLE_IDENTIFIER = com.lly.LLYCoreAnimationDemoTests;
				PRODUCT_NAME = "$(TARGET_NAME)";
				TARGETED_DEVICE_FAMILY = "1,2";
				TEST_HOST = "$(BUILT_PRODUCTS_DIR)/LLYCoreAnimationDemo.app/LLYCoreAnimationDemo";
			};
			name = Release;
		};
		0A7B572420B65276001EDB55 /* Debug */ = {
			isa = XCBuildConfiguration;
			buildSettings = {
				CODE_SIGN_STYLE = Automatic;
				DEVELOPMENT_TEAM = PW2BL84NY9;
				INFOPLIST_FILE = LLYCoreAnimationDemoUITests/Info.plist;
				LD_RUNPATH_SEARCH_PATHS = "$(inherited) @executable_path/Frameworks @loader_path/Frameworks";
				PRODUCT_BUNDLE_IDENTIFIER = com.lly.LLYCoreAnimationDemoUITests;
				PRODUCT_NAME = "$(TARGET_NAME)";
				TARGETED_DEVICE_FAMILY = "1,2";
				TEST_TARGET_NAME = LLYCoreAnimationDemo;
			};
			name = Debug;
		};
		0A7B572520B65276001EDB55 /* Release */ = {
			isa = XCBuildConfiguration;
			buildSettings = {
				CODE_SIGN_STYLE = Automatic;
				DEVELOPMENT_TEAM = PW2BL84NY9;
				INFOPLIST_FILE = LLYCoreAnimationDemoUITests/Info.plist;
				LD_RUNPATH_SEARCH_PATHS = "$(inherited) @executable_path/Frameworks @loader_path/Frameworks";
				PRODUCT_BUNDLE_IDENTIFIER = com.lly.LLYCoreAnimationDemoUITests;
				PRODUCT_NAME = "$(TARGET_NAME)";
				TARGETED_DEVICE_FAMILY = "1,2";
				TEST_TARGET_NAME = LLYCoreAnimationDemo;
			};
			name = Release;
		};
/* End XCBuildConfiguration section */

/* Begin XCConfigurationList section */
		0A7B56EC20B65276001EDB55 /* Build configuration list for PBXProject "LLYCoreAnimationDemo" */ = {
			isa = XCConfigurationList;
			buildConfigurations = (
				0A7B571B20B65276001EDB55 /* Debug */,
				0A7B571C20B65276001EDB55 /* Release */,
			);
			defaultConfigurationIsVisible = 0;
			defaultConfigurationName = Release;
		};
		0A7B571D20B65276001EDB55 /* Build configuration list for PBXNativeTarget "LLYCoreAnimationDemo" */ = {
			isa = XCConfigurationList;
			buildConfigurations = (
				0A7B571E20B65276001EDB55 /* Debug */,
				0A7B571F20B65276001EDB55 /* Release */,
			);
			defaultConfigurationIsVisible = 0;
			defaultConfigurationName = Release;
		};
		0A7B572020B65276001EDB55 /* Build configuration list for PBXNativeTarget "LLYCoreAnimationDemoTests" */ = {
			isa = XCConfigurationList;
			buildConfigurations = (
				0A7B572120B65276001EDB55 /* Debug */,
				0A7B572220B65276001EDB55 /* Release */,
			);
			defaultConfigurationIsVisible = 0;
			defaultConfigurationName = Release;
		};
		0A7B572320B65276001EDB55 /* Build configuration list for PBXNativeTarget "LLYCoreAnimationDemoUITests" */ = {
			isa = XCConfigurationList;
			buildConfigurations = (
				0A7B572420B65276001EDB55 /* Debug */,
				0A7B572520B65276001EDB55 /* Release */,
			);
			defaultConfigurationIsVisible = 0;
			defaultConfigurationName = Release;
		};
/* End XCConfigurationList section */
	};
	rootObject = 0A7B56E920B65276001EDB55 /* Project object */;
}
